// !$*UTF8*$!
{
	archiveVersion = 1;
	classes = {
	};
	objectVersion = 46;
	objects = {

/* Begin PBXBuildFile section */
		4ACFB2C21DBE03B4005CBD44 /* AppDelegate.swift in Sources */ = {isa = PBXBuildFile; fileRef = 4ACFB2C11DBE03B4005CBD44 /* AppDelegate.swift */; };
		4ACFB2C41DBE03B4005CBD44 /* ViewController.swift in Sources */ = {isa = PBXBuildFile; fileRef = 4ACFB2C31DBE03B4005CBD44 /* ViewController.swift */; };
		4ACFB2C71DBE03B4005CBD44 /* Main.storyboard in Resources */ = {isa = PBXBuildFile; fileRef = 4ACFB2C51DBE03B4005CBD44 /* Main.storyboard */; };
		4ACFB2CA1DBE03B4005CBD44 /* PayrollTracker.xcdatamodeld in Sources */ = {isa = PBXBuildFile; fileRef = 4ACFB2C81DBE03B4005CBD44 /* PayrollTracker.xcdatamodeld */; };
		4ACFB2CC1DBE03B4005CBD44 /* Assets.xcassets in Resources */ = {isa = PBXBuildFile; fileRef = 4ACFB2CB1DBE03B4005CBD44 /* Assets.xcassets */; };
		4ACFB2CF1DBE03B4005CBD44 /* LaunchScreen.storyboard in Resources */ = {isa = PBXBuildFile; fileRef = 4ACFB2CD1DBE03B4005CBD44 /* LaunchScreen.storyboard */; };
/* End PBXBuildFile section */

/* Begin PBXFileReference section */
		4ACFB2BE1DBE03B4005CBD44 /* PayrollTracker.app */ = {isa = PBXFileReference; explicitFileType = wrapper.application; includeInIndex = 0; path = PayrollTracker.app; sourceTree = BUILT_PRODUCTS_DIR; };
		4ACFB2C11DBE03B4005CBD44 /* AppDelegate.swift */ = {isa = PBXFileReference; lastKnownFileType = sourcecode.swift; path = AppDelegate.swift; sourceTree = "<group>"; };
		4ACFB2C31DBE03B4005CBD44 /* ViewController.swift */ = {isa = PBXFileReference; lastKnownFileType = sourcecode.swift; path = ViewController.swift; sourceTree = "<group>"; };
		4ACFB2C61DBE03B4005CBD44 /* Base */ = {isa = PBXFileReference; lastKnownFileType = file.storyboard; name = Base; path = Base.lproj/Main.storyboard; sourceTree = "<group>"; };
		4ACFB2C91DBE03B4005CBD44 /* PayrollTracker.xcdatamodel */ = {isa = PBXFileReference; lastKnownFileType = wrapper.xcdatamodel; path = PayrollTracker.xcdatamodel; sourceTree = "<group>"; };
		4ACFB2CB1DBE03B4005CBD44 /* Assets.xcassets */ = {isa = PBXFileReference; lastKnownFileType = folder.assetcatalog; path = Assets.xcassets; sourceTree = "<group>"; };
		4ACFB2CE1DBE03B4005CBD44 /* Base */ = {isa = PBXFileReference; lastKnownFileType = file.storyboard; name = Base; path = Base.lproj/LaunchScreen.storyboard; sourceTree = "<group>"; };
		4ACFB2D01DBE03B4005CBD44 /* Info.plist */ = {isa = PBXFileReference; lastKnownFileType = text.plist.xml; path = Info.plist; sourceTree = "<group>"; };
/* End PBXFileReference section */

/* Begin PBXFrameworksBuildPhase section */
		4ACFB2BB1DBE03B3005CBD44 /* Frameworks */ = {
			isa = PBXFrameworksBuildPhase;
			buildActionMask = 2147483647;
			files = (
			);
			runOnlyForDeploymentPostprocessing = 0;
		};
/* End PBXFrameworksBuildPhase section */

/* Begin PBXGroup section */
		4ACFB2B51DBE03B3005CBD44 = {
			isa = PBXGroup;
			children = (
				4ACFB2C01DBE03B4005CBD44 /* PayrollTracker */,
				4ACFB2BF1DBE03B4005CBD44 /* Products */,
			);
			sourceTree = "<group>";
		};
		4ACFB2BF1DBE03B4005CBD44 /* Products */ = {
			isa = PBXGroup;
			children = (
				4ACFB2BE1DBE03B4005CBD44 /* PayrollTracker.app */,
			);
			name = Products;
			sourceTree = "<group>";
		};
		4ACFB2C01DBE03B4005CBD44 /* PayrollTracker */ = {
			isa = PBXGroup;
			children = (
				4ACFB2C11DBE03B4005CBD44 /* AppDelegate.swift */,
				4ACFB2C31DBE03B4005CBD44 /* ViewController.swift */,
				4ACFB2C51DBE03B4005CBD44 /* Main.storyboard */,
				4ACFB2CB1DBE03B4005CBD44 /* Assets.xcassets */,
				4ACFB2CD1DBE03B4005CBD44 /* LaunchScreen.storyboard */,
				4ACFB2D01DBE03B4005CBD44 /* Info.plist */,
				4ACFB2C81DBE03B4005CBD44 /* PayrollTracker.xcdatamodeld */,
			);
			path = PayrollTracker;
			sourceTree = "<group>";
		};
/* End PBXGroup section */

/* Begin PBXNativeTarget section */
		4ACFB2BD1DBE03B3005CBD44 /* PayrollTracker */ = {
			isa = PBXNativeTarget;
			buildConfigurationList = 4ACFB2D31DBE03B4005CBD44 /* Build configuration list for PBXNativeTarget "PayrollTracker" */;
			buildPhases = (
				4ACFB2BA1DBE03B3005CBD44 /* Sources */,
				4ACFB2BB1DBE03B3005CBD44 /* Frameworks */,
				4ACFB2BC1DBE03B3005CBD44 /* Resources */,
			);
			buildRules = (
			);
			dependencies = (
			);
			name = PayrollTracker;
			productName = PayrollTracker;
			productReference = 4ACFB2BE1DBE03B4005CBD44 /* PayrollTracker.app */;
			productType = "com.apple.product-type.application";
		};
/* End PBXNativeTarget section */

/* Begin PBXProject section */
		4ACFB2B61DBE03B3005CBD44 /* Project object */ = {
			isa = PBXProject;
			attributes = {
				LastSwiftUpdateCheck = 0800;
				LastUpgradeCheck = 0800;
				ORGANIZATIONNAME = "Emil Møller Lind";
				TargetAttributes = {
					4ACFB2BD1DBE03B3005CBD44 = {
						CreatedOnToolsVersion = 8.0;
						DevelopmentTeam = QR2S7DZA96;
						ProvisioningStyle = Automatic;
					};
				};
			};
			buildConfigurationList = 4ACFB2B91DBE03B3005CBD44 /* Build configuration list for PBXProject "PayrollTracker" */;
			compatibilityVersion = "Xcode 3.2";
			developmentRegion = English;
			hasScannedForEncodings = 0;
			knownRegions = (
				en,
				Base,
			);
			mainGroup = 4ACFB2B51DBE03B3005CBD44;
			productRefGroup = 4ACFB2BF1DBE03B4005CBD44 /* Products */;
			projectDirPath = "";
			projectRoot = "";
			targets = (
				4ACFB2BD1DBE03B3005CBD44 /* PayrollTracker */,
			);
		};
/* End PBXProject section */

/* Begin PBXResourcesBuildPhase section */
		4ACFB2BC1DBE03B3005CBD44 /* Resources */ = {
			isa = PBXResourcesBuildPhase;
			buildActionMask = 2147483647;
			files = (
				4ACFB2CF1DBE03B4005CBD44 /* LaunchScreen.storyboard in Resources */,
				4ACFB2CC1DBE03B4005CBD44 /* Assets.xcassets in Resources */,
				4ACFB2C71DBE03B4005CBD44 /* Main.storyboard in Resources */,
			);
			runOnlyForDeploymentPostprocessing = 0;
		};
/* End PBXResourcesBuildPhase section */

/* Begin PBXSourcesBuildPhase section */
		4ACFB2BA1DBE03B3005CBD44 /* Sources */ = {
			isa = PBXSourcesBuildPhase;
			buildActionMask = 2147483647;
			files = (
				4ACFB2C41DBE03B4005CBD44 /* ViewController.swift in Sources */,
				4ACFB2CA1DBE03B4005CBD44 /* PayrollTracker.xcdatamodeld in Sources */,
				4ACFB2C21DBE03B4005CBD44 /* AppDelegate.swift in Sources */,
			);
			runOnlyForDeploymentPostprocessing = 0;
		};
/* End PBXSourcesBuildPhase section */

/* Begin PBXVariantGroup section */
		4ACFB2C51DBE03B4005CBD44 /* Main.storyboard */ = {
			isa = PBXVariantGroup;
			children = (
				4ACFB2C61DBE03B4005CBD44 /* Base */,
			);
			name = Main.storyboard;
			sourceTree = "<group>";
		};
		4ACFB2CD1DBE03B4005CBD44 /* LaunchScreen.storyboard */ = {
			isa = PBXVariantGroup;
			children = (
				4ACFB2CE1DBE03B4005CBD44 /* Base */,
			);
			name = LaunchScreen.storyboard;
			sourceTree = "<group>";
		};
/* End PBXVariantGroup section */

/* Begin XCBuildConfiguration section */
		4ACFB2D11DBE03B4005CBD44 /* Debug */ = {
			isa = XCBuildConfiguration;
			buildSettings = {
				ALWAYS_SEARCH_USER_PATHS = NO;
				CLANG_ANALYZER_NONNULL = YES;
				CLANG_CXX_LANGUAGE_STANDARD = "gnu++0x";
				CLANG_CXX_LIBRARY = "libc++";
				CLANG_ENABLE_MODULES = YES;
				CLANG_ENABLE_OBJC_ARC = YES;
				CLANG_WARN_BOOL_CONVERSION = YES;
				CLANG_WARN_CONSTANT_CONVERSION = YES;
				CLANG_WARN_DIRECT_OBJC_ISA_USAGE = YES_ERROR;
				CLANG_WARN_DOCUMENTATION_COMMENTS = YES;
				CLANG_WARN_EMPTY_BODY = YES;
				CLANG_WARN_ENUM_CONVERSION = YES;
				CLANG_WARN_INFINITE_RECURSION = YES;
				CLANG_WARN_INT_CONVERSION = YES;
				CLANG_WARN_OBJC_ROOT_CLASS = YES_ERROR;
				CLANG_WARN_SUSPICIOUS_MOVES = YES;
				CLANG_WARN_UNREACHABLE_CODE = YES;
				CLANG_WARN__DUPLICATE_METHOD_MATCH = YES;
				"CODE_SIGN_IDENTITY[sdk=iphoneos*]" = "iPhone Developer";
				COPY_PHASE_STRIP = NO;
				DEBUG_INFORMATION_FORMAT = dwarf;
				ENABLE_STRICT_OBJC_MSGSEND = YES;
				ENABLE_TESTABILITY = YES;
				GCC_C_LANGUAGE_STANDARD = gnu99;
				GCC_DYNAMIC_NO_PIC = NO;
				GCC_NO_COMMON_BLOCKS = YES;
				GCC_OPTIMIZATION_LEVEL = 0;
				GCC_PREPROCESSOR_DEFINITIONS = (
					"DEBUG=1",
					"$(inherited)",
				);
				GCC_WARN_64_TO_32_BIT_CONVERSION = YES;
				GCC_WARN_ABOUT_RETURN_TYPE = YES_ERROR;
				GCC_WARN_UNDECLARED_SELECTOR = YES;
				GCC_WARN_UNINITIALIZED_AUTOS = YES_AGGRESSIVE;
				GCC_WARN_UNUSED_FUNCTION = YES;
				GCC_WARN_UNUSED_VARIABLE = YES;
				IPHONEOS_DEPLOYMENT_TARGET = 10.0;
				MTL_ENABLE_DEBUG_INFO = YES;
				ONLY_ACTIVE_ARCH = YES;
				SDKROOT = iphoneos;
				SWIFT_ACTIVE_COMPILATION_CONDITIONS = DEBUG;
				SWIFT_OPTIMIZATION_LEVEL = "-Onone";
				TARGETED_DEVICE_FAMILY = "1,2";
			};
			name = Debug;
		};
		4ACFB2D21DBE03B4005CBD44 /* Release */ = {
			isa = XCBuildConfiguration;
			buildSettings = {
				ALWAYS_SEARCH_USER_PATHS = NO;
				CLANG_ANALYZER_NONNULL = YES;
				CLANG_CXX_LANGUAGE_STANDARD = "gnu++0x";
				CLANG_CXX_LIBRARY = "libc++";
				CLANG_ENABLE_MODULES = YES;
				CLANG_ENABLE_OBJC_ARC = YES;
				CLANG_WARN_BOOL_CONVERSION = YES;
				CLANG_WARN_CONSTANT_CONVERSION = YES;
				CLANG_WARN_DIRECT_OBJC_ISA_USAGE = YES_ERROR;
				CLANG_WARN_DOCUMENTATION_COMMENTS = YES;
				CLANG_WARN_EMPTY_BODY = YES;
				CLANG_WARN_ENUM_CONVERSION = YES;
				CLANG_WARN_INFINITE_RECURSION = YES;
				CLANG_WARN_INT_CONVERSION = YES;
				CLANG_WARN_OBJC_ROOT_CLASS = YES_ERROR;
				CLANG_WARN_SUSPICIOUS_MOVES = YES;
				CLANG_WARN_UNREACHABLE_CODE = YES;
				CLANG_WARN__DUPLICATE_METHOD_MATCH = YES;
				"CODE_SIGN_IDENTITY[sdk=iphoneos*]" = "iPhone Developer";
				COPY_PHASE_STRIP = NO;
				DEBUG_INFORMATION_FORMAT = "dwarf-with-dsym";
				ENABLE_NS_ASSERTIONS = NO;
				ENABLE_STRICT_OBJC_MSGSEND = YES;
				GCC_C_LANGUAGE_STANDARD = gnu99;
				GCC_NO_COMMON_BLOCKS = YES;
				GCC_WARN_64_TO_32_BIT_CONVERSION = YES;
				GCC_WARN_ABOUT_RETURN_TYPE = YES_ERROR;
				GCC_WARN_UNDECLARED_SELECTOR = YES;
				GCC_WARN_UNINITIALIZED_AUTOS = YES_AGGRESSIVE;
				GCC_WARN_UNUSED_FUNCTION = YES;
				GCC_WARN_UNUSED_VARIABLE = YES;
				IPHONEOS_DEPLOYMENT_TARGET = 10.0;
				MTL_ENABLE_DEBUG_INFO = NO;
				SDKROOT = iphoneos;
				SWIFT_OPTIMIZATION_LEVEL = "-Owholemodule";
				TARGETED_DEVICE_FAMILY = "1,2";
				VALIDATE_PRODUCT = YES;
			};
			name = Release;
		};
		4ACFB2D41DBE03B4005CBD44 /* Debug */ = {
			isa = XCBuildConfiguration;
			buildSettings = {
				ASSETCATALOG_COMPILER_APPICON_NAME = AppIcon;
				DEVELOPMENT_TEAM = QR2S7DZA96;
				INFOPLIST_FILE = PayrollTracker/Info.plist;
				LD_RUNPATH_SEARCH_PATHS = "$(inherited) @executable_path/Frameworks";
				PRODUCT_BUNDLE_IDENTIFIER = Emilsen.PayrollTracker;
				PRODUCT_NAME = "$(TARGET_NAME)";
				SWIFT_VERSION = 3.0;
			};
			name = Debug;
		};
		4ACFB2D51DBE03B4005CBD44 /* Release */ = {
			isa = XCBuildConfiguration;
			buildSettings = {
				ASSETCATALOG_COMPILER_APPICON_NAME = AppIcon;
				DEVELOPMENT_TEAM = QR2S7DZA96;
				INFOPLIST_FILE = PayrollTracker/Info.plist;
				LD_RUNPATH_SEARCH_PATHS = "$(inherited) @executable_path/Frameworks";
				PRODUCT_BUNDLE_IDENTIFIER = Emilsen.PayrollTracker;
				PRODUCT_NAME = "$(TARGET_NAME)";
				SWIFT_VERSION = 3.0;
			};
			name = Release;
		};
/* End XCBuildConfiguration section */

/* Begin XCConfigurationList section */
		4ACFB2B91DBE03B3005CBD44 /* Build configuration list for PBXProject "PayrollTracker" */ = {
			isa = XCConfigurationList;
			buildConfigurations = (
				4ACFB2D11DBE03B4005CBD44 /* Debug */,
				4ACFB2D21DBE03B4005CBD44 /* Release */,
			);
			defaultConfigurationIsVisible = 0;
			defaultConfigurationName = Release;
		};
		4ACFB2D31DBE03B4005CBD44 /* Build configuration list for PBXNativeTarget "PayrollTracker" */ = {
			isa = XCConfigurationList;
			buildConfigurations = (
				4ACFB2D41DBE03B4005CBD44 /* Debug */,
				4ACFB2D51DBE03B4005CBD44 /* Release */,
			);
			defaultConfigurationIsVisible = 0;
		};
/* End XCConfigurationList section */

/* Begin XCVersionGroup section */
		4ACFB2C81DBE03B4005CBD44 /* PayrollTracker.xcdatamodeld */ = {
			isa = XCVersionGroup;
			children = (
				4ACFB2C91DBE03B4005CBD44 /* PayrollTracker.xcdatamodel */,
			);
			currentVersion = 4ACFB2C91DBE03B4005CBD44 /* PayrollTracker.xcdatamodel */;
			path = PayrollTracker.xcdatamodeld;
			sourceTree = "<group>";
			versionGroupType = wrapper.xcdatamodel;
		};
/* End XCVersionGroup section */
	};
	rootObject = 4ACFB2B61DBE03B3005CBD44 /* Project object */;
}
